
Microsoft Visual Studio Solution File, Format Version 12.00
# Visual Studio Version 17
VisualStudioVersion = 17.0.31912.275
MinimumVisualStudioVersion = 10.0.40219.1
Project("{9A19103F-16F7-4668-BE54-9A1E7A4F7556}") = "BrandensMod", "BrandensMod\BrandensMod.csproj", "{74D7B7FD-0FBB-4F9F-A6E8-14589DF906D7}"
EndProject
Global
	GlobalSection(SolutionConfigurationPlatforms) = preSolution
		Debug|Any CPU = Debug|Any CPU
		Release|Any CPU = Release|Any CPU
	EndGlobalSection
	GlobalSection(ProjectConfigurationPlatforms) = postSolution
		{74D7B7FD-0FBB-4F9F-A6E8-14589DF906D7}.Debug|Any CPU.ActiveCfg = Debug|Any CPU
		{74D7B7FD-0FBB-4F9F-A6E8-14589DF906D7}.Debug|Any CPU.Build.0 = Debug|Any CPU
		{74D7B7FD-0FBB-4F9F-A6E8-14589DF906D7}.Release|Any CPU.ActiveCfg = Release|Any CPU
		{74D7B7FD-0FBB-4F9F-A6E8-14589DF906D7}.Release|Any CPU.Build.0 = Release|Any CPU
	EndGlobalSection
	GlobalSection(SolutionProperties) = preSolution
		HideSolutionNode = FALSE
	EndGlobalSection
	GlobalSection(ExtensibilityGlobals) = postSolution
		SolutionGuid = {51512F99-7AD3-4392-8977-DC1C4121F45F}
	EndGlobalSection
EndGlobal
